{
    "_readme": [
        "This file locks the dependencies of your project to a known state",
        "Read more about it at https://getcomposer.org/doc/01-basic-usage.md#installing-dependencies",
        "This file is @generated automatically"
    ],
    "content-hash": "b26d06d719da12b0017c142d18073854",
    "packages": [
        {
            "name": "packaged/figlet",
            "version": "0.0.2",
            "source": {
                "type": "git",
                "url": "https://github.com/packaged/figlet.git",
                "reference": "5ea242cd37003a17aec5c1566f1982106ea1334a"
            },
            "dist": {
                "type": "zip",
                "url": "https://api.github.com/repos/packaged/figlet/zipball/5ea242cd37003a17aec5c1566f1982106ea1334a",
                "reference": "5ea242cd37003a17aec5c1566f1982106ea1334a",
                "shasum": ""
            },
            "type": "library",
            "autoload": {
                "psr-4": {
                    "Packaged\\Figlet\\": "src/"
                }
            },
            "notification-url": "https://packagist.org/downloads/",
            "license": [
                "BSD-3-Clause"
            ],
            "authors": [
                {
                    "name": "Brooke Bryan",
                    "email": "brooke@bajb.net",
                    "homepage": "http://www.bajb.net"
                }
            ],
            "description": "Figlet Text Render",
            "homepage": "http://packaged.in/figlet",
            "keywords": [
                "figlet",
                "font"
            ],
            "support": {
                "issues": "https://github.com/packaged/figlet/issues",
                "source": "https://github.com/packaged/figlet/tree/master"
            },
            "time": "2014-08-07T10:52:46+00:00"
        }
    ],
    "packages-dev": [],
    "aliases": [],
    "minimum-stability": "stable",
    "stability-flags": {},
    "prefer-stable": false,
    "prefer-lowest": false,
    "platform": {},
    "platform-dev": {},
    "plugin-api-version": "2.6.0"
}
